
Microsoft Visual Studio Solution File, Format Version 12.00
# Visual Studio Version 17
VisualStudioVersion = 17.9.34723.18
MinimumVisualStudioVersion = 10.0.40219.1
Project("{FAE04EC0-301F-11D3-BF4B-00C04F79EFBC}") = "DotNetArchTests", "DotNetArchTests\DotNetArchTests.csproj", "{D10F5440-E5EA-4CCD-9751-CCD523BE9EB4}"
EndProject
Global
	GlobalSection(SolutionConfigurationPlatforms) = preSolution
		Debug|Any CPU = Debug|Any CPU
		Release|Any CPU = Release|Any CPU
	EndGlobalSection
	GlobalSection(ProjectConfigurationPlatforms) = postSolution
		{D10F5440-E5EA-4CCD-9751-CCD523BE9EB4}.Debug|Any CPU.ActiveCfg = Debug|Any CPU
		{D10F5440-E5EA-4CCD-9751-CCD523BE9EB4}.Debug|Any CPU.Build.0 = Debug|Any CPU
		{D10F5440-E5EA-4CCD-9751-CCD523BE9EB4}.Release|Any CPU.ActiveCfg = Release|Any CPU
		{D10F5440-E5EA-4CCD-9751-CCD523BE9EB4}.Release|Any CPU.Build.0 = Release|Any CPU
	EndGlobalSection
	GlobalSection(SolutionProperties) = preSolution
		HideSolutionNode = FALSE
	EndGlobalSection
	GlobalSection(ExtensibilityGlobals) = postSolution
		SolutionGuid = {1443F14B-3AAA-489D-83FE-34FCFBFA4646}
	EndGlobalSection
EndGlobal
